
Microsoft Visual Studio Solution File, Format Version 12.00
# Visual Studio Version 16
VisualStudioVersion = 16.0.31702.278
MinimumVisualStudioVersion = 10.0.40219.1
Project("{FAE04EC0-301F-11D3-BF4B-00C04F79EFBC}") = "APP", "APP\APP.csproj", "{9ACA55DF-8B1E-4C34-AFF3-1EB9FC1369FA}"
EndProject
Global
	GlobalSection(SolutionConfigurationPlatforms) = preSolution
		Debug|Any CPU = Debug|Any CPU
		Release|Any CPU = Release|Any CPU
	EndGlobalSection
	GlobalSection(ProjectConfigurationPlatforms) = postSolution
		{9ACA55DF-8B1E-4C34-AFF3-1EB9FC1369FA}.Debug|Any CPU.ActiveCfg = Debug|Any CPU
		{9ACA55DF-8B1E-4C34-AFF3-1EB9FC1369FA}.Debug|Any CPU.Build.0 = Debug|Any CPU
		{9ACA55DF-8B1E-4C34-AFF3-1EB9FC1369FA}.Release|Any CPU.ActiveCfg = Release|Any CPU
		{9ACA55DF-8B1E-4C34-AFF3-1EB9FC1369FA}.Release|Any CPU.Build.0 = Release|Any CPU
	EndGlobalSection
	GlobalSection(SolutionProperties) = preSolution
		HideSolutionNode = FALSE
	EndGlobalSection
	GlobalSection(ExtensibilityGlobals) = postSolution
		SolutionGuid = {EE1A6F3D-80E7-45CE-8DC5-92893C058DED}
	EndGlobalSection
EndGlobal
